
Microsoft Visual Studio Solution File, Format Version 12.00
# Visual Studio Version 16
VisualStudioVersion = 16.0.30611.23
MinimumVisualStudioVersion = 10.0.40219.1
Project("{FAE04EC0-301F-11D3-BF4B-00C04F79EFBC}") = "Observer", "Observer.csproj", "{82C166B9-F6EC-43B8-85AD-9E9DF3A317A4}"
EndProject
Global
	GlobalSection(SolutionConfigurationPlatforms) = preSolution
		Debug|Any CPU = Debug|Any CPU
		Release|Any CPU = Release|Any CPU
	EndGlobalSection
	GlobalSection(ProjectConfigurationPlatforms) = postSolution
		{82C166B9-F6EC-43B8-85AD-9E9DF3A317A4}.Debug|Any CPU.ActiveCfg = Debug|Any CPU
		{82C166B9-F6EC-43B8-85AD-9E9DF3A317A4}.Debug|Any CPU.Build.0 = Debug|Any CPU
		{82C166B9-F6EC-43B8-85AD-9E9DF3A317A4}.Release|Any CPU.ActiveCfg = Release|Any CPU
		{82C166B9-F6EC-43B8-85AD-9E9DF3A317A4}.Release|Any CPU.Build.0 = Release|Any CPU
	EndGlobalSection
	GlobalSection(SolutionProperties) = preSolution
		HideSolutionNode = FALSE
	EndGlobalSection
	GlobalSection(ExtensibilityGlobals) = postSolution
		SolutionGuid = {EF8073CE-916D-4969-8DB1-F892BD24D5CA}
	EndGlobalSection
EndGlobal
